{
  "name": "angular-material-fileupload",
  "version": "3.0.3",
  "lockfileVersion": 1,
  "requires": true,
  "dependencies": {
    "@angular/animations": {
      "version": "11.2.9",
      "resolved": "https://registry.npmjs.org/@angular/animations/-/animations-11.2.9.tgz",
      "integrity": "sha512-6EAJRwwYB+6eNW0IIadQycS7KC1x//BpZ7vi6EioAaAw02wafjQ+6+BhGW6hbPwyTJFQAuNki5Z6P0fvN1ZhFA==",
      "dev": true,
      "requires": {
        "tslib": "^2.0.0"
      },
      "dependencies": {
        "tslib": {
          "version": "2.2.0",
          "resolved": "https://registry.npmjs.org/tslib/-/tslib-2.2.0.tgz",
          "integrity": "sha512-gS9GVHRU+RGn5KQM2rllAlR3dU6m7AcpJKdtH8gFvQiC4Otgk98XnmMU+nZenHt/+VhnBPWwgrJsyrdcw6i23w==",
          "dev": true
        }
      }
    },
    "@angular/cdk": {
      "version": "11.2.8",
      "resolved": "https://registry.npmjs.org/@angular/cdk/-/cdk-11.2.8.tgz",
      "integrity": "sha512-RLJnL4U8FXoaUptVkuYjPA5eo+L0O34NEPZECKQMYZhFAD934bo8/nk+DEBZGyM77GxPUL1seaFNMm+y1wox2g==",
      "dev": true,
      "requires": {
        "parse5": "^5.0.0",
        "tslib": "^2.0.0"
      },
      "dependencies": {
        "tslib": {
          "version": "2.2.0",
          "resolved": "https://registry.npmjs.org/tslib/-/tslib-2.2.0.tgz",
          "integrity": "sha512-gS9GVHRU+RGn5KQM2rllAlR3dU6m7AcpJKdtH8gFvQiC4Otgk98XnmMU+nZenHt/+VhnBPWwgrJsyrdcw6i23w==",
          "dev": true
        }
      }
    },
    "@angular/common": {
      "version": "11.2.9",
      "resolved": "https://registry.npmjs.org/@angular/common/-/common-11.2.9.tgz",
      "integrity": "sha512-D60zF3F9pSpKmLKyYOjceREL2OKKIO20bZJzVqcgWQXUv0xxzHg9e6o2oOphPEj7kY/tKjIQjndRIBGA6MQHzg==",
      "dev": true,
      "requires": {
        "tslib": "^2.0.0"
      },
      "dependencies": {
        "tslib": {
          "version": "2.2.0",
          "resolved": "https://registry.npmjs.org/tslib/-/tslib-2.2.0.tgz",
          "integrity": "sha512-gS9GVHRU+RGn5KQM2rllAlR3dU6m7AcpJKdtH8gFvQiC4Otgk98XnmMU+nZenHt/+VhnBPWwgrJsyrdcw6i23w==",
          "dev": true
        }
      }
    },
    "@angular/compiler": {
      "version": "11.2.9",
      "resolved": "https://registry.npmjs.org/@angular/compiler/-/compiler-11.2.9.tgz",
      "integrity": "sha512-EelccCc6Xgrz6UzoJU5EqrRc0CGDHS82cheiBP3lSDfjG6borD9al4DN5lfphp+FCmTpLY33wQ3jqhPwC02FMQ==",
      "dev": true,
      "requires": {
        "tslib": "^2.0.0"
      },
      "dependencies": {
        "tslib": {
          "version": "2.2.0",
          "resolved": "https://registry.npmjs.org/tslib/-/tslib-2.2.0.tgz",
          "integrity": "sha512-gS9GVHRU+RGn5KQM2rllAlR3dU6m7AcpJKdtH8gFvQiC4Otgk98XnmMU+nZenHt/+VhnBPWwgrJsyrdcw6i23w==",
          "dev": true
        }
      }
    },
    "@angular/core": {
      "version": "11.2.9",
      "resolved": "https://registry.npmjs.org/@angular/core/-/core-11.2.9.tgz",
      "integrity": "sha512-OLW8ThHdG5XjE9PMdBWyAm19wXEjuhWAB19qCqNerKkk1RGEOn+ISUR5Rpg5Fh3rlI4nFOm+WeOUIaq9uxF53A==",
      "dev": true,
      "requires": {
        "tslib": "^2.0.0"
      },
      "dependencies": {
        "tslib": {
          "version": "2.2.0",
          "resolved": "https://registry.npmjs.org/tslib/-/tslib-2.2.0.tgz",
          "integrity": "sha512-gS9GVHRU+RGn5KQM2rllAlR3dU6m7AcpJKdtH8gFvQiC4Otgk98XnmMU+nZenHt/+VhnBPWwgrJsyrdcw6i23w==",
          "dev": true
        }
      }
    },
    "@angular/forms": {
      "version": "11.2.9",
      "resolved": "https://registry.npmjs.org/@angular/forms/-/forms-11.2.9.tgz",
      "integrity": "sha512-TbimRbQoSUWYp3vTvn/1MlhEI/0SBl16MG3NCFaDoER+NEJMIGd3BMBJsmnJXXH7wlsvwpRbY6vP+Zuro00lmQ==",
      "dev": true,
      "requires": {
        "tslib": "^2.0.0"
      },
      "dependencies": {
        "tslib": {
          "version": "2.2.0",
          "resolved": "https://registry.npmjs.org/tslib/-/tslib-2.2.0.tgz",
          "integrity": "sha512-gS9GVHRU+RGn5KQM2rllAlR3dU6m7AcpJKdtH8gFvQiC4Otgk98XnmMU+nZenHt/+VhnBPWwgrJsyrdcw6i23w==",
          "dev": true
        }
      }
    },
    "@angular/material": {
      "version": "11.2.8",
      "resolved": "https://registry.npmjs.org/@angular/material/-/material-11.2.8.tgz",
      "integrity": "sha512-mCHOdJgWmlVF4suZFKKmmyprnPNBlCOYyHtQfjmcXRJp6WFX/nd11Mfrs9fY8pQJ2FWjOwxfABEPBGM/E7HxIg==",
      "dev": true,
      "requires": {
        "tslib": "^2.0.0"
      },
      "dependencies": {
        "tslib": {
          "version": "2.2.0",
          "resolved": "https://registry.npmjs.org/tslib/-/tslib-2.2.0.tgz",
          "integrity": "sha512-gS9GVHRU+RGn5KQM2rllAlR3dU6m7AcpJKdtH8gFvQiC4Otgk98XnmMU+nZenHt/+VhnBPWwgrJsyrdcw6i23w==",
          "dev": true
        }
      }
    },
    "@angular/platform-browser": {
      "version": "11.2.9",
      "resolved": "https://registry.npmjs.org/@angular/platform-browser/-/platform-browser-11.2.9.tgz",
      "integrity": "sha512-a4sMSuSRWXNP4umhXrESFS6H5uc5CQ5c4VJMWpqVO5RK5FI9wKdU1Nyds2nZkQGkD5r6pOyGQeJvEbA+vq1SbQ==",
      "dev": true,
      "requires": {
        "tslib": "^2.0.0"
      },
      "dependencies": {
        "tslib": {
          "version": "2.2.0",
          "resolved": "https://registry.npmjs.org/tslib/-/tslib-2.2.0.tgz",
          "integrity": "sha512-gS9GVHRU+RGn5KQM2rllAlR3dU6m7AcpJKdtH8gFvQiC4Otgk98XnmMU+nZenHt/+VhnBPWwgrJsyrdcw6i23w==",
          "dev": true
        }
      }
    },
    "parse5": {
      "version": "5.1.1",
      "resolved": "https://registry.npmjs.org/parse5/-/parse5-5.1.1.tgz",
      "integrity": "sha512-ugq4DFI0Ptb+WWjAdOK16+u/nHfiIrcE+sh8kZMaM0WllQKLI9rOUq6c2b7cwPkXdzfQESqvoqK6ug7U/Yyzug==",
      "dev": true,
      "optional": true
    },
    "rxjs": {
      "version": "6.6.7",
      "resolved": "https://registry.npmjs.org/rxjs/-/rxjs-6.6.7.tgz",
      "integrity": "sha512-hTdwr+7yYNIT5n4AMYp85KA6yw2Va0FLa3Rguvbpa4W3I5xynaBZo41cM3XM+4Q6fRMj3sBYIR1VAmZMXYJvRQ==",
      "dev": true,
      "requires": {
        "tslib": "^1.9.0"
      },
      "dependencies": {
        "tslib": {
          "version": "1.14.1",
          "resolved": "https://registry.npmjs.org/tslib/-/tslib-1.14.1.tgz",
          "integrity": "sha512-Xni35NKzjgMrwevysHTCArtLDpPvye8zV/0E4EyYn43P7/7qvQwPh9BGkHewbMulVntbigmcT7rdX3BNo9wRJg==",
          "dev": true
        }
      }
    },
    "tslib": {
      "version": "2.0.0",
      "resolved": "https://registry.npmjs.org/tslib/-/tslib-2.0.0.tgz",
      "integrity": "sha512-lTqkx847PI7xEDYJntxZH89L2/aXInsyF2luSafe/+0fHOMjlBNXdH6th7f70qxLDhul7KZK0zC8V5ZIyHl0/g=="
    },
    "zone.js": {
      "version": "0.11.4",
      "resolved": "https://registry.npmjs.org/zone.js/-/zone.js-0.11.4.tgz",
      "integrity": "sha512-DDh2Ab+A/B+9mJyajPjHFPWfYU1H+pdun4wnnk0OcQTNjem1XQSZ2CDW+rfZEUDjv5M19SBqAkjZi0x5wuB5Qw==",
      "dev": true,
      "requires": {
        "tslib": "^2.0.0"
      },
      "dependencies": {
        "tslib": {
          "version": "2.2.0",
          "resolved": "https://registry.npmjs.org/tslib/-/tslib-2.2.0.tgz",
          "integrity": "sha512-gS9GVHRU+RGn5KQM2rllAlR3dU6m7AcpJKdtH8gFvQiC4Otgk98XnmMU+nZenHt/+VhnBPWwgrJsyrdcw6i23w==",
          "dev": true
        }
      }
    }
  }
}
