{
  "name": "mat-file-upload",
  "version": "0.0.1",
  "lockfileVersion": 1,
  "requires": true,
  "dependencies": {
    "@angular/animations": {
      "version": "8.2.14",
      "resolved": "https://registry.npmjs.org/@angular/animations/-/animations-8.2.14.tgz",
      "integrity": "sha512-3Vc9TnNpKdtvKIXcWDFINSsnwgEMiDmLzjceWg1iYKwpeZGQahUXPoesLwQazBMmxJzQiA4HOMj0TTXKZ+Jzkg==",
      "dev": true,
      "requires": {
        "tslib": "^1.9.0"
      }
    },
    "@angular/cdk": {
      "version": "8.2.3",
      "resolved": "https://registry.npmjs.org/@angular/cdk/-/cdk-8.2.3.tgz",
      "integrity": "sha512-ZwO5Sn720RA2YvBqud0JAHkZXjmjxM0yNzCO8RVtRE9i8Gl26Wk0j0nQeJkVm4zwv2QO8MwbKUKGTMt8evsokA==",
      "dev": true,
      "requires": {
        "parse5": "^5.0.0",
        "tslib": "^1.7.1"
      }
    },
    "@angular/common": {
      "version": "8.2.14",
      "resolved": "https://registry.npmjs.org/@angular/common/-/common-8.2.14.tgz",
      "integrity": "sha512-Qmt+aX2quUW54kaNT7QH7WGXnFxr/cC2C6sf5SW5SdkZfDQSiz8IaItvieZfXVQUbBOQKFRJ7TlSkt0jI/yjvw==",
      "dev": true,
      "requires": {
        "tslib": "^1.9.0"
      }
    },
    "@angular/core": {
      "version": "8.2.14",
      "resolved": "https://registry.npmjs.org/@angular/core/-/core-8.2.14.tgz",
      "integrity": "sha512-zeePkigi+hPh3rN7yoNENG/YUBUsIvUXdxx+AZq+QPaFeKEA2FBSrKn36ojHFrdJUjKzl0lPMEiGC2b6a6bo6g==",
      "dev": true,
      "requires": {
        "tslib": "^1.9.0"
      }
    },
    "@angular/forms": {
      "version": "8.2.14",
      "resolved": "https://registry.npmjs.org/@angular/forms/-/forms-8.2.14.tgz",
      "integrity": "sha512-zhyKL3CFIqcyHJ/TQF/h1OZztK611a6rxuPHCrt/5Sn1SuBTJJQ1pPTkOYIDy6IrCrtyANc8qB6P17Mao71DNQ==",
      "dev": true,
      "requires": {
        "tslib": "^1.9.0"
      }
    },
    "@angular/material": {
      "version": "8.2.3",
      "resolved": "https://registry.npmjs.org/@angular/material/-/material-8.2.3.tgz",
      "integrity": "sha512-SOczkIaqes+r+9XF/UUiokidfFKBpHkOPIaFK857sFD0FBNPvPEpOr5oHKCG3feERRwAFqHS7Wo2ohVEWypb5A==",
      "dev": true,
      "requires": {
        "tslib": "^1.7.1"
      }
    },
    "@angular/platform-browser": {
      "version": "8.2.14",
      "resolved": "https://registry.npmjs.org/@angular/platform-browser/-/platform-browser-8.2.14.tgz",
      "integrity": "sha512-MtJptptyKzsE37JZ2VB/tI4cvMrdAH+cT9pMBYZd66YSZfKjIj5s+AZo7z8ncoskQSB1o3HMfDjSK7QXGx1mLQ==",
      "dev": true,
      "requires": {
        "tslib": "^1.9.0"
      }
    },
    "parse5": {
      "version": "5.1.1",
      "resolved": "https://registry.npmjs.org/parse5/-/parse5-5.1.1.tgz",
      "integrity": "sha512-ugq4DFI0Ptb+WWjAdOK16+u/nHfiIrcE+sh8kZMaM0WllQKLI9rOUq6c2b7cwPkXdzfQESqvoqK6ug7U/Yyzug==",
      "dev": true,
      "optional": true
    },
    "rxjs": {
      "version": "6.5.5",
      "resolved": "https://registry.npmjs.org/rxjs/-/rxjs-6.5.5.tgz",
      "integrity": "sha512-WfQI+1gohdf0Dai/Bbmk5L5ItH5tYqm3ki2c5GdWhKjalzjg93N3avFjVStyZZz+A2Em+ZxKH5bNghw9UeylGQ==",
      "dev": true,
      "requires": {
        "tslib": "^1.9.0"
      }
    },
    "tslib": {
      "version": "1.13.0",
      "resolved": "https://registry.npmjs.org/tslib/-/tslib-1.13.0.tgz",
      "integrity": "sha512-i/6DQjL8Xf3be4K/E6Wgpekn5Qasl1usyw++dAA35Ue5orEn65VIxOA+YvNNl9HV3qv70T7CNwjODHZrLwvd1Q==",
      "dev": true
    },
    "zone.js": {
      "version": "0.9.1",
      "resolved": "https://registry.npmjs.org/zone.js/-/zone.js-0.9.1.tgz",
      "integrity": "sha512-GkPiJL8jifSrKReKaTZ5jkhrMEgXbXYC+IPo1iquBjayRa0q86w3Dipjn8b415jpitMExe9lV8iTsv8tk3DGag==",
      "dev": true
    }
  }
}
