# THIS IS AN AUTOGENERATED FILE. DO NOT EDIT THIS FILE DIRECTLY.
# yarn lockfile v1


"@angular/animations@^8.0.0":
  version "8.2.14"
  resolved "https://registry.yarnpkg.com/@angular/animations/-/animations-8.2.14.tgz#76736b21e56165e6ca4925fb69605bdcc56aba7d"
  integrity sha512-3Vc9TnNpKdtvKIXcWDFINSsnwgEMiDmLzjceWg1iYKwpeZGQahUXPoesLwQazBMmxJzQiA4HOMj0TTXKZ+Jzkg==
  dependencies:
    tslib "^1.9.0"

"@angular/cdk@^8.2.3":
  version "8.2.3"
  resolved "https://registry.yarnpkg.com/@angular/cdk/-/cdk-8.2.3.tgz#16b96ffa935cbf5a646757ecaf2b19c434678f72"
  integrity sha512-ZwO5Sn720RA2YvBqud0JAHkZXjmjxM0yNzCO8RVtRE9i8Gl26Wk0j0nQeJkVm4zwv2QO8MwbKUKGTMt8evsokA==
  dependencies:
    tslib "^1.7.1"
  optionalDependencies:
    parse5 "^5.0.0"

"@angular/common@^8.2.14":
  version "8.2.14"
  resolved "https://registry.yarnpkg.com/@angular/common/-/common-8.2.14.tgz#027e52b2951c14082d6e3af1a4ffa1356220e439"
  integrity sha512-Qmt+aX2quUW54kaNT7QH7WGXnFxr/cC2C6sf5SW5SdkZfDQSiz8IaItvieZfXVQUbBOQKFRJ7TlSkt0jI/yjvw==
  dependencies:
    tslib "^1.9.0"

"@angular/core@^8.2.14":
  version "8.2.14"
  resolved "https://registry.yarnpkg.com/@angular/core/-/core-8.2.14.tgz#35566f5b19480369229477e7e0e0fde740bd5204"
  integrity sha512-zeePkigi+hPh3rN7yoNENG/YUBUsIvUXdxx+AZq+QPaFeKEA2FBSrKn36ojHFrdJUjKzl0lPMEiGC2b6a6bo6g==
  dependencies:
    tslib "^1.9.0"

"@angular/forms@^8.0.0":
  version "8.2.14"
  resolved "https://registry.yarnpkg.com/@angular/forms/-/forms-8.2.14.tgz#7d357c346a3884881beb044c50ec4a09d3d7ee8e"
  integrity sha512-zhyKL3CFIqcyHJ/TQF/h1OZztK611a6rxuPHCrt/5Sn1SuBTJJQ1pPTkOYIDy6IrCrtyANc8qB6P17Mao71DNQ==
  dependencies:
    tslib "^1.9.0"

"@angular/material@^8.2.3":
  version "8.2.3"
  resolved "https://registry.yarnpkg.com/@angular/material/-/material-8.2.3.tgz#16543e4e06a3fde2651a25cfe126e88e714ae105"
  integrity sha512-SOczkIaqes+r+9XF/UUiokidfFKBpHkOPIaFK857sFD0FBNPvPEpOr5oHKCG3feERRwAFqHS7Wo2ohVEWypb5A==
  dependencies:
    tslib "^1.7.1"

"@angular/platform-browser@8.2.14":
  version "8.2.14"
  resolved "https://registry.yarnpkg.com/@angular/platform-browser/-/platform-browser-8.2.14.tgz#31f082e8ba977f9b89964d721c38cbc32ce0e433"
  integrity sha512-MtJptptyKzsE37JZ2VB/tI4cvMrdAH+cT9pMBYZd66YSZfKjIj5s+AZo7z8ncoskQSB1o3HMfDjSK7QXGx1mLQ==
  dependencies:
    tslib "^1.9.0"

parse5@^5.0.0:
  version "5.1.1"
  resolved "https://registry.yarnpkg.com/parse5/-/parse5-5.1.1.tgz#f68e4e5ba1852ac2cadc00f4555fff6c2abb6178"
  integrity sha512-ugq4DFI0Ptb+WWjAdOK16+u/nHfiIrcE+sh8kZMaM0WllQKLI9rOUq6c2b7cwPkXdzfQESqvoqK6ug7U/Yyzug==

rxjs@^6.4.0:
  version "6.5.5"
  resolved "https://registry.yarnpkg.com/rxjs/-/rxjs-6.5.5.tgz#c5c884e3094c8cfee31bf27eb87e54ccfc87f9ec"
  integrity sha512-WfQI+1gohdf0Dai/Bbmk5L5ItH5tYqm3ki2c5GdWhKjalzjg93N3avFjVStyZZz+A2Em+ZxKH5bNghw9UeylGQ==
  dependencies:
    tslib "^1.9.0"

tslib@^1.7.1, tslib@^1.9.0:
  version "1.13.0"
  resolved "https://registry.yarnpkg.com/tslib/-/tslib-1.13.0.tgz#c881e13cc7015894ed914862d276436fa9a47043"
  integrity sha512-i/6DQjL8Xf3be4K/E6Wgpekn5Qasl1usyw++dAA35Ue5orEn65VIxOA+YvNNl9HV3qv70T7CNwjODHZrLwvd1Q==

zone.js@~0.9.1:
  version "0.9.1"
  resolved "https://registry.yarnpkg.com/zone.js/-/zone.js-0.9.1.tgz#e37c6e5c54c13fae4de26b5ffe8d8e9212da6d9b"
  integrity sha512-GkPiJL8jifSrKReKaTZ5jkhrMEgXbXYC+IPo1iquBjayRa0q86w3Dipjn8b415jpitMExe9lV8iTsv8tk3DGag==
